{
	"name": "@geislabs/runtime-order",
	"version": "0.0.76",
	"lockfileVersion": 2,
	"requires": true,
	"packages": {
		"": {
			"name": "@geislabs/runtime-order",
			"version": "0.0.74",
			"license": "ISC",
			"dependencies": {
				"topological-sort": "^0.3.0"
			}
		},
		"node_modules/topological-sort": {
			"version": "0.3.0",
			"resolved": "https://registry.npmjs.org/topological-sort/-/topological-sort-0.3.0.tgz",
			"integrity": "sha512-BmO2t72jjJ3B9PZC3LTHyojgNynOKEvWG4GiYqyfSMUjtO6+yZK0oozlMYVA+tC6YvS3NZh4OPx6QaolEYOg6A==",
			"engines": {
				"node": ">=8"
			}
		}
	},
	"dependencies": {
		"topological-sort": {
			"version": "0.3.0",
			"resolved": "https://registry.npmjs.org/topological-sort/-/topological-sort-0.3.0.tgz",
			"integrity": "sha512-BmO2t72jjJ3B9PZC3LTHyojgNynOKEvWG4GiYqyfSMUjtO6+yZK0oozlMYVA+tC6YvS3NZh4OPx6QaolEYOg6A=="
		}
	}
}
