{
	"name": "@geislabs/runtime-http",
	"version": "0.0.66",
	"lockfileVersion": 2,
	"requires": true,
	"packages": {
		"": {
			"name": "@geislabs/runtime-http",
			"version": "0.0.65",
			"license": "ISC",
			"dependencies": {
				"@geislabs/runtime-base": "^0.0.65"
			}
		},
		"../runtime-event": {
			"name": "@geislabs/runtime-event",
			"version": "0.0.65",
			"license": "ISC"
		},
		"node_modules/@geislabs/runtime-base": {
			"version": "0.0.65",
			"resolved": "https://registry.npmjs.org/@geislabs/runtime-base/-/runtime-base-0.0.65.tgz",
			"integrity": "sha512-YlOfisUAJfeYAtTra26xvomUWv+P41/cYKk5KrQci07JWryVp/UUy0rW9sxBUyEmQ8KywQ5zVwYlcqoXIFWrXw==",
			"dependencies": {
				"@geislabs/runtime-event": "^0.0.65",
				"autobind-decorator": "^2.4.0",
				"inversify": "^5.1.1"
			}
		},
		"node_modules/@geislabs/runtime-event": {
			"resolved": "../runtime-event",
			"link": true
		},
		"node_modules/autobind-decorator": {
			"version": "2.4.0",
			"resolved": "https://registry.npmjs.org/autobind-decorator/-/autobind-decorator-2.4.0.tgz",
			"integrity": "sha512-OGYhWUO72V6DafbF8PM8rm3EPbfuyMZcJhtm5/n26IDwO18pohE4eNazLoCGhPiXOCD0gEGmrbU3849QvM8bbw==",
			"engines": {
				"node": ">=8.10",
				"npm": ">=6.4.1"
			}
		},
		"node_modules/inversify": {
			"version": "5.1.1",
			"resolved": "https://registry.npmjs.org/inversify/-/inversify-5.1.1.tgz",
			"integrity": "sha512-j8grHGDzv1v+8T1sAQ+3boTCntFPfvxLCkNcxB1J8qA0lUN+fAlSyYd+RXKvaPRL4AGyPxViutBEJHNXOyUdFQ=="
		}
	},
	"dependencies": {
		"@geislabs/runtime-base": {
			"version": "0.0.65",
			"resolved": "https://registry.npmjs.org/@geislabs/runtime-base/-/runtime-base-0.0.65.tgz",
			"integrity": "sha512-YlOfisUAJfeYAtTra26xvomUWv+P41/cYKk5KrQci07JWryVp/UUy0rW9sxBUyEmQ8KywQ5zVwYlcqoXIFWrXw==",
			"requires": {
				"@geislabs/runtime-event": "^0.0.65",
				"autobind-decorator": "^2.4.0",
				"inversify": "^5.1.1"
			}
		},
		"@geislabs/runtime-event": {
			"version": "file:../runtime-event"
		},
		"autobind-decorator": {
			"version": "2.4.0",
			"resolved": "https://registry.npmjs.org/autobind-decorator/-/autobind-decorator-2.4.0.tgz",
			"integrity": "sha512-OGYhWUO72V6DafbF8PM8rm3EPbfuyMZcJhtm5/n26IDwO18pohE4eNazLoCGhPiXOCD0gEGmrbU3849QvM8bbw=="
		},
		"inversify": {
			"version": "5.1.1",
			"resolved": "https://registry.npmjs.org/inversify/-/inversify-5.1.1.tgz",
			"integrity": "sha512-j8grHGDzv1v+8T1sAQ+3boTCntFPfvxLCkNcxB1J8qA0lUN+fAlSyYd+RXKvaPRL4AGyPxViutBEJHNXOyUdFQ=="
		}
	}
}
