{
	"name": "@geislabs/runtime",
	"version": "0.0.70",
	"lockfileVersion": 2,
	"requires": true,
	"packages": {
		"": {
			"name": "@geislabs/runtime",
			"version": "0.0.69",
			"license": "ISC",
			"dependencies": {
				"autobind-decorator": "^2.4.0",
				"inversify": "^5.1.1",
				"memfs": "^3.2.2"
			}
		},
		"node_modules/autobind-decorator": {
			"version": "2.4.0",
			"resolved": "https://registry.npmjs.org/autobind-decorator/-/autobind-decorator-2.4.0.tgz",
			"integrity": "sha512-OGYhWUO72V6DafbF8PM8rm3EPbfuyMZcJhtm5/n26IDwO18pohE4eNazLoCGhPiXOCD0gEGmrbU3849QvM8bbw==",
			"engines": {
				"node": ">=8.10",
				"npm": ">=6.4.1"
			}
		},
		"node_modules/fs-monkey": {
			"version": "1.0.3",
			"resolved": "https://registry.npmjs.org/fs-monkey/-/fs-monkey-1.0.3.tgz",
			"integrity": "sha512-cybjIfiiE+pTWicSCLFHSrXZ6EilF30oh91FDP9S2B051prEa7QWfrVTQm10/dDpswBDXZugPa1Ogu8Yh+HV0Q=="
		},
		"node_modules/inversify": {
			"version": "5.1.1",
			"resolved": "https://registry.npmjs.org/inversify/-/inversify-5.1.1.tgz",
			"integrity": "sha512-j8grHGDzv1v+8T1sAQ+3boTCntFPfvxLCkNcxB1J8qA0lUN+fAlSyYd+RXKvaPRL4AGyPxViutBEJHNXOyUdFQ=="
		},
		"node_modules/memfs": {
			"version": "3.2.2",
			"resolved": "https://registry.npmjs.org/memfs/-/memfs-3.2.2.tgz",
			"integrity": "sha512-RE0CwmIM3CEvpcdK3rZ19BC4E6hv9kADkMN5rPduRak58cNArWLi/9jFLsa4rhsjfVxMP3v0jO7FHXq7SvFY5Q==",
			"dependencies": {
				"fs-monkey": "1.0.3"
			},
			"engines": {
				"node": ">= 4.0.0"
			}
		}
	},
	"dependencies": {
		"autobind-decorator": {
			"version": "2.4.0",
			"resolved": "https://registry.npmjs.org/autobind-decorator/-/autobind-decorator-2.4.0.tgz",
			"integrity": "sha512-OGYhWUO72V6DafbF8PM8rm3EPbfuyMZcJhtm5/n26IDwO18pohE4eNazLoCGhPiXOCD0gEGmrbU3849QvM8bbw=="
		},
		"fs-monkey": {
			"version": "1.0.3",
			"resolved": "https://registry.npmjs.org/fs-monkey/-/fs-monkey-1.0.3.tgz",
			"integrity": "sha512-cybjIfiiE+pTWicSCLFHSrXZ6EilF30oh91FDP9S2B051prEa7QWfrVTQm10/dDpswBDXZugPa1Ogu8Yh+HV0Q=="
		},
		"inversify": {
			"version": "5.1.1",
			"resolved": "https://registry.npmjs.org/inversify/-/inversify-5.1.1.tgz",
			"integrity": "sha512-j8grHGDzv1v+8T1sAQ+3boTCntFPfvxLCkNcxB1J8qA0lUN+fAlSyYd+RXKvaPRL4AGyPxViutBEJHNXOyUdFQ=="
		},
		"memfs": {
			"version": "3.2.2",
			"resolved": "https://registry.npmjs.org/memfs/-/memfs-3.2.2.tgz",
			"integrity": "sha512-RE0CwmIM3CEvpcdK3rZ19BC4E6hv9kADkMN5rPduRak58cNArWLi/9jFLsa4rhsjfVxMP3v0jO7FHXq7SvFY5Q==",
			"requires": {
				"fs-monkey": "1.0.3"
			}
		}
	}
}
