{
	"name": "@geislabs/runtime-base",
	"version": "0.0.64",
	"lockfileVersion": 2,
	"requires": true,
	"packages": {
		"": {
			"name": "@geislabs/runtime-base",
			"version": "0.0.62",
			"license": "ISC",
			"dependencies": {
				"autobind-decorator": "^2.4.0",
				"inversify": "^5.1.1"
			}
		},
		"node_modules/autobind-decorator": {
			"version": "2.4.0",
			"resolved": "https://registry.npmjs.org/autobind-decorator/-/autobind-decorator-2.4.0.tgz",
			"integrity": "sha512-OGYhWUO72V6DafbF8PM8rm3EPbfuyMZcJhtm5/n26IDwO18pohE4eNazLoCGhPiXOCD0gEGmrbU3849QvM8bbw==",
			"engines": {
				"node": ">=8.10",
				"npm": ">=6.4.1"
			}
		},
		"node_modules/inversify": {
			"version": "5.1.1",
			"resolved": "https://registry.npmjs.org/inversify/-/inversify-5.1.1.tgz",
			"integrity": "sha512-j8grHGDzv1v+8T1sAQ+3boTCntFPfvxLCkNcxB1J8qA0lUN+fAlSyYd+RXKvaPRL4AGyPxViutBEJHNXOyUdFQ=="
		}
	},
	"dependencies": {
		"autobind-decorator": {
			"version": "2.4.0",
			"resolved": "https://registry.npmjs.org/autobind-decorator/-/autobind-decorator-2.4.0.tgz",
			"integrity": "sha512-OGYhWUO72V6DafbF8PM8rm3EPbfuyMZcJhtm5/n26IDwO18pohE4eNazLoCGhPiXOCD0gEGmrbU3849QvM8bbw=="
		},
		"inversify": {
			"version": "5.1.1",
			"resolved": "https://registry.npmjs.org/inversify/-/inversify-5.1.1.tgz",
			"integrity": "sha512-j8grHGDzv1v+8T1sAQ+3boTCntFPfvxLCkNcxB1J8qA0lUN+fAlSyYd+RXKvaPRL4AGyPxViutBEJHNXOyUdFQ=="
		}
	}
}
